# This file is generated by running "yarn install" inside your project.
# Manual changes might be lost - proceed with caution!

__metadata:
  version: 4

"@babel/runtime@npm:^7.0.0, @babel/runtime@npm:^7.1.2, @babel/runtime@npm:^7.2.0":
  version: 7.9.2
  resolution: "@babel/runtime@npm:7.9.2"
  dependencies:
    regenerator-runtime: ^0.13.4
  checksum: 2/50c65b4972e62ca260ff6f3f99cf2395585d7f7bcd947ee87d082c2926cb4f0c93c815d5e9071162e689a4d2ba4143ffd5b005893be860088689c963f34e50c8
  languageName: node
  linkType: hard

"@material-ui/core@npm:3.9.3":
  version: 3.9.3
  resolution: "@material-ui/core@npm:3.9.3"
  dependencies:
    "@babel/runtime": ^7.2.0
    "@material-ui/system": ^3.0.0-alpha.0
    "@material-ui/utils": ^3.0.0-alpha.2
    "@types/jss": ^9.5.6
    "@types/react-transition-group": ^2.0.8
    brcast: ^3.0.1
    classnames: ^2.2.5
    csstype: ^2.5.2
    debounce: ^1.1.0
    deepmerge: ^3.0.0
    dom-helpers: ^3.2.1
    hoist-non-react-statics: ^3.2.1
    is-plain-object: ^2.0.4
    jss: ^9.8.7
    jss-camel-case: ^6.0.0
    jss-default-unit: ^8.0.2
    jss-global: ^3.0.0
    jss-nested: ^6.0.1
    jss-props-sort: ^6.0.0
    jss-vendor-prefixer: ^7.0.0
    normalize-scroll-left: ^0.1.2
    popper.js: ^1.14.1
    prop-types: ^15.6.0
    react-event-listener: ^0.6.2
    react-transition-group: ^2.2.1
    recompose: 0.28.0 - 0.30.0
    warning: ^4.0.1
  peerDependencies:
    react: ^16.3.0
    react-dom: ^16.3.0
  checksum: 2/9c1934fe4da02dde2ee9f3303d97004d0a44bdfa21da6feee7b7cdd1244675d6291b4e96f7c85c77f029bdde17ab3b4f4852152829c16029c5f17140cd9d0fbd
  languageName: node
  linkType: hard

"@material-ui/icons@npm:3.0.2":
  version: 3.0.2
  resolution: "@material-ui/icons@npm:3.0.2"
  dependencies:
    "@babel/runtime": ^7.2.0
    recompose: 0.28.0 - 0.30.0
  peerDependencies:
    "@material-ui/core": ^3.0.0
    react: ^16.3.0
    react-dom: ^16.3.0
  checksum: 2/fb0965ac09581d835f562a44616e2943a42865e1ed8daab2b952f7db25524963b7d6b7b06fe2d05aa7041fe7fb2a741867737e08a717312d5d416613dc7eaee0
  languageName: node
  linkType: hard

"@material-ui/system@npm:^3.0.0-alpha.0":
  version: 3.0.0-alpha.2
  resolution: "@material-ui/system@npm:3.0.0-alpha.2"
  dependencies:
    "@babel/runtime": ^7.2.0
    deepmerge: ^3.0.0
    prop-types: ^15.6.0
    warning: ^4.0.1
  peerDependencies:
    react: ^16.3.0
    react-dom: ^16.3.0
  checksum: 2/363280f61f40e0204a4d0e2943af7d0f573ab49a5a0097f10f04ac0063018967112468d3e32f351a30c2577cef00eb93b7311ba5ef2f1e7847c343a66cd76f82
  languageName: node
  linkType: hard

"@material-ui/utils@npm:^3.0.0-alpha.2":
  version: 3.0.0-alpha.3
  resolution: "@material-ui/utils@npm:3.0.0-alpha.3"
  dependencies:
    "@babel/runtime": ^7.2.0
    prop-types: ^15.6.0
    react-is: ^16.6.3
  peerDependencies:
    react: ^16.3.0
    react-dom: ^16.3.0
  checksum: 2/a3c8d7d63b7648e4f60d5ea4dfc909ad7f898c390d6e06af4cfe2f0e76fd0951f54946c60b9977804ae0e587cca11b09124ef3e3bfa3d2008b818dc6b56fa543
  languageName: node
  linkType: hard

"@types/jss@npm:^9.5.6":
  version: 9.5.8
  resolution: "@types/jss@npm:9.5.8"
  dependencies:
    csstype: ^2.0.0
    indefinite-observable: ^1.0.1
  checksum: 2/0f15ecda431297696d909895c9f9e07abe319f5a21e3735864a52d8d7d287cf458194d86236b51006743b6c28de10f1e7a1001ef1cb5ab7e747549e994e9d6da
  languageName: node
  linkType: hard

"@types/prop-types@npm:*":
  version: 15.7.3
  resolution: "@types/prop-types@npm:15.7.3"
  checksum: 2/bd0eab69d5120ad3784d0c9985f902653d5924707a7f2b3702a330e762dfd61b6494954cb54ad0c52b918ffd6f1e7e27c9270e4442bc15250de348596f2f60cb
  languageName: node
  linkType: hard

"@types/react-transition-group@npm:^2.0.8":
  version: 2.9.2
  resolution: "@types/react-transition-group@npm:2.9.2"
  dependencies:
    "@types/react": "*"
  checksum: 2/a8897599e40d32134129de794d8ffe46f8ff9b9a970006f42927278f90e6b8519635b90eea3e9f39f67e75bad4eb5c858d4b8de7adcc3686cd43acf140707558
  languageName: node
  linkType: hard

"@types/react@npm:*":
  version: 16.9.34
  resolution: "@types/react@npm:16.9.34"
  dependencies:
    "@types/prop-types": "*"
    csstype: ^2.2.0
  checksum: 2/40912bdb87db9663ee77b7a0980c07a7a2617ec60495631d6f9575f4abab41269fad522eb4d6d2109e119c06891d03ac65bb96ddb847fc35c8a5558bfb4ebae0
  languageName: node
  linkType: hard

"asap@npm:~2.0.3":
  version: 2.0.6
  resolution: "asap@npm:2.0.6"
  checksum: 2/3d314f8c598b625a98347bacdba609d4c889c616ca5d8ea65acaae8050ab8b7aa6630df2cfe9856c20b260b432adf2ee7a65a1021f268ef70408c70f809e3a39
  languageName: node
  linkType: hard

"brcast@npm:^3.0.1":
  version: 3.0.1
  resolution: "brcast@npm:3.0.1"
  checksum: 2/dbb3d09fe52a2018f3096b1b9fac11e13adb4e17d526dea3d11a305de3d4e5797e619e8eb9d4224bdea6d14ae21e423b75bc999d2f74b949d4fd8035f87232e4
  languageName: node
  linkType: hard

"change-emitter@npm:^0.1.2":
  version: 0.1.6
  resolution: "change-emitter@npm:0.1.6"
  checksum: 2/5ae3c26e0b22a40fb22c06912d4ff423d47c806201177268ae476c0df4b21864f814be5b7049b6b065c0ba59b271304fb101dc45ccc50368c87a550a396378c6
  languageName: node
  linkType: hard

"classnames@npm:^2.2.5":
  version: 2.2.6
  resolution: "classnames@npm:2.2.6"
  checksum: 2/490eaeca5931846737ffd33e472a701d268d5b8bc5717dd4cf108a127b06e86e05350e06799abbbe763a0e4c945b4217f6700b7ae00ddc703505682c370e5cf2
  languageName: node
  linkType: hard

"core-js@npm:^1.0.0":
  version: 1.2.7
  resolution: "core-js@npm:1.2.7"
  checksum: 2/845cd9fe577300e5ce549fea1b66665e79e699ed7ab3bc4d64c9c1e2a35a479c331198039666a7675190e17e8d55097a162e962bec8c9ca3db393425724bbb29
  languageName: node
  linkType: hard

"css-vendor@npm:^0.3.8":
  version: 0.3.8
  resolution: "css-vendor@npm:0.3.8"
  dependencies:
    is-in-browser: ^1.0.2
  checksum: 2/b489bce504105fd2463d637269f19fcb9645188f055f77bd6fc5ebc85011eadc19daef44c4edda6000e3be01405502c07f28834e254b9d10d2d9f34484f303f6
  languageName: node
  linkType: hard

"csstype@npm:^2.0.0, csstype@npm:^2.2.0, csstype@npm:^2.5.2":
  version: 2.6.10
  resolution: "csstype@npm:2.6.10"
  checksum: 2/b48260010e9bdc28ab80554375c14e2aec3f7fd46806a9206c0a15f99a0b559049bc4d75f91676183b76baf03708d10c1308b94be89870958797eced54cfe661
  languageName: node
  linkType: hard

"debounce@npm:^1.1.0":
  version: 1.2.0
  resolution: "debounce@npm:1.2.0"
  checksum: 2/3eb07f76c54f3563d9183aff9a28c61864aa65c3f5f17acc227ce28dc55fb96faa680aebe3c898af17d3e4dfb6cfb92df6179fa9d5566111b129e1de19cfc7e0
  languageName: node
  linkType: hard

"deepmerge@npm:^3.0.0":
  version: 3.3.0
  resolution: "deepmerge@npm:3.3.0"
  checksum: 2/a78cbc4a4855eef04d4cb61ef1b1c2c91b6763fb08a391ce9df4c370645fdde4cefee760a836b3af458568f79faffd55ab0403d723bff9307ba2aae6198456a0
  languageName: node
  linkType: hard

"dom-helpers@npm:^3.2.1, dom-helpers@npm:^3.4.0":
  version: 3.4.0
  resolution: "dom-helpers@npm:3.4.0"
  dependencies:
    "@babel/runtime": ^7.1.2
  checksum: 2/7625598dbfef65a50801e194b88f277ab398dd92c27398280fd8d69294326f05d9b0588922560ba50e10d9fe5ee8096f90995d679b7db2b776afd579d495b962
  languageName: node
  linkType: hard

"encoding@npm:^0.1.11":
  version: 0.1.12
  resolution: "encoding@npm:0.1.12"
  dependencies:
    iconv-lite: ~0.4.13
  checksum: 2/d6c664f8bd1807928c6e6bf99fbaecb075c269c722c8ae9b36b4bafd8f5346ad9561eba5871d3b84ba2c40948c8b920f9d80ea82602d72e500f05e0f104a3fb4
  languageName: node
  linkType: hard

"fbjs@npm:^0.8.1":
  version: 0.8.17
  resolution: "fbjs@npm:0.8.17"
  dependencies:
    core-js: ^1.0.0
    isomorphic-fetch: ^2.1.1
    loose-envify: ^1.0.0
    object-assign: ^4.1.0
    promise: ^7.1.1
    setimmediate: ^1.0.5
    ua-parser-js: ^0.7.18
  checksum: 2/fa37e4dfa8bbe17c4cd7a037840d22d97584a6ca9511ea0ab396995d6f403567dbbfad13d9ea9e0d78ea98072b5829bd6437dfb7949ad979dca5738d547803b5
  languageName: node
  linkType: hard

"hoist-non-react-statics@npm:^2.3.1":
  version: 2.5.5
  resolution: "hoist-non-react-statics@npm:2.5.5"
  checksum: 2/0a9ed7b8bff4b02f2e0ebf2e113ce7cb9153c656c711b33cac09153cd5013deb51277c368291e3fe5f229abae208464b2abda6cd8eb2ea9230b779f2b6dd4355
  languageName: node
  linkType: hard

"hoist-non-react-statics@npm:^3.2.1":
  version: 3.3.2
  resolution: "hoist-non-react-statics@npm:3.3.2"
  dependencies:
    react-is: ^16.7.0
  checksum: 2/d3e3791d6e3a2741ce0ba38e878081dec49247ef22982a990c80941ee1f564ef16cd5a511bcc8c5e54f1ce8205535e0414ca5feea722c0690c80040be7ebf9df
  languageName: node
  linkType: hard

"hyphenate-style-name@npm:^1.0.2":
  version: 1.0.3
  resolution: "hyphenate-style-name@npm:1.0.3"
  checksum: 2/3ec167a398a992183dad59a73a0379d057799a56811469ef6e15aaf68313e80c173ed4d504f8f5babf089846136c9c1ea5ac42c25bf38b269f5c361430f062bc
  languageName: node
  linkType: hard

"iconv-lite@npm:~0.4.13":
  version: 0.4.24
  resolution: "iconv-lite@npm:0.4.24"
  dependencies:
    safer-buffer: ">= 2.1.2 < 3"
  checksum: 2/a9b9521066ee81853a8561e92bd7240bc5d3b7d5ef7da807a475e7858b0246e318b6af518c30a20a8749ef5eafeaa9631079446e4e696c7b60f468b34dc2cbfc
  languageName: node
  linkType: hard

"indefinite-observable@npm:^1.0.1":
  version: 1.0.2
  resolution: "indefinite-observable@npm:1.0.2"
  dependencies:
    symbol-observable: 1.2.0
  checksum: 2/c5770eea7d3d13132ab53cd46931af9ea7468aff0163311980e51db4d0de9a4cf45238cfec83ae42c7584d82c2589ed682b2b9b6f63691b5a11ede17c4d0e6e0
  languageName: node
  linkType: hard

"is-in-browser@npm:^1.0.2, is-in-browser@npm:^1.1.3":
  version: 1.1.3
  resolution: "is-in-browser@npm:1.1.3"
  checksum: 2/2696bb61677f15181c32a552c0d1aeea33fc8a5c945e2f21e6673207b256b6cf8170a94f6e9f4e242dc943aaa4325eacad709ac1ec6fd82767f3367755bab5ce
  languageName: node
  linkType: hard

"is-plain-object@npm:^2.0.4":
  version: 2.0.4
  resolution: "is-plain-object@npm:2.0.4"
  dependencies:
    isobject: ^3.0.1
  checksum: 2/2f3232267366f3cdf13d53deda1b282ba7959f28ccb2ee8e0ca168f859f0d7126c27c846ebb7c2b9821a09bbda2e1835fd4020337ba666cf3c03dc256aab7ba1
  languageName: node
  linkType: hard

"is-stream@npm:^1.0.1":
  version: 1.1.0
  resolution: "is-stream@npm:1.1.0"
  checksum: 2/39843ee9ff68ebda05237199f18831eb6e0e28db7799ee9ddaac5573b0681f18b4dc427afdb7b7ad906db545e4648999c42a1810b277acc8451593ff59da00fa
  languageName: node
  linkType: hard

"isobject@npm:^3.0.1":
  version: 3.0.1
  resolution: "isobject@npm:3.0.1"
  checksum: 2/b537a9ccdd8d40ec552fe7ff5db3731f1deb77581adf9beb8ae812f8d08acfa0e74b193159ac50fb01084d7ade06d114077f984e21b8340531241bf85be9a0ab
  languageName: node
  linkType: hard

"isomorphic-fetch@npm:^2.1.1":
  version: 2.2.1
  resolution: "isomorphic-fetch@npm:2.2.1"
  dependencies:
    node-fetch: ^1.0.1
    whatwg-fetch: ">=0.10.0"
  checksum: 2/a4174e332ae98fc93269162f1d8a3ee1f7255257d4eaeea5145d4068f64ac2dbff7e7f681889097238e1e009f7a74ba1a23ffd8ed967402777a32cca96204508
  languageName: node
  linkType: hard

"js-tokens@npm:^3.0.0 || ^4.0.0":
  version: 4.0.0
  resolution: "js-tokens@npm:4.0.0"
  checksum: 2/1fc4e4667ac2d972aba65148b9cbf9c17566b2394d3504238d8492bbd3e68f496c657eab06b26b40b17db5cac0a34d153a12130e2d2d2bb6dc2cdc8a4764eb1b
  languageName: node
  linkType: hard

"jss-camel-case@npm:^6.0.0":
  version: 6.1.0
  resolution: "jss-camel-case@npm:6.1.0"
  dependencies:
    hyphenate-style-name: ^1.0.2
  peerDependencies:
    jss: ^9.7.0
  checksum: 2/a24cea202d22ace69a856da2b1093a169496a0c30d9d3926446d4fe3769937afd282e9b35d468d744ade3b3ceb09e104a6223e1d429900640d179b53742e2d4a
  languageName: node
  linkType: hard

"jss-default-unit@npm:^8.0.2":
  version: 8.0.2
  resolution: "jss-default-unit@npm:8.0.2"
  peerDependencies:
    jss: ^9.4.0
  checksum: 2/604fb973d8bbb16cc7580c5035f7533a696c228db7761b6de012692fada5ca69196ae6066c19c6beab00f4b39c5876e4c9f57521e92c0833300460d28da237d7
  languageName: node
  linkType: hard

"jss-global@npm:^3.0.0":
  version: 3.0.0
  resolution: "jss-global@npm:3.0.0"
  peerDependencies:
    jss: ^9.0.0
  checksum: 2/4503fc59bbd429c48663de2bd5fee56f9f8fa726ebe4e589c1d02b43af6adafec1a23b67801a744536c187d099eaebfd65a2876702b6bbbb715defd92a2859a0
  languageName: node
  linkType: hard

"jss-nested@npm:^6.0.1":
  version: 6.0.1
  resolution: "jss-nested@npm:6.0.1"
  dependencies:
    warning: ^3.0.0
  peerDependencies:
    jss: ^9.0.0
  checksum: 2/148696d74f7aa856ab5ac0530eff2213a6e48ec491a188530420d93f76aa835b59f2cf60ca4508c0daaaa5df451262df9391e403cc014cb1b3c1cdb32935cd08
  languageName: node
  linkType: hard

"jss-props-sort@npm:^6.0.0":
  version: 6.0.0
  resolution: "jss-props-sort@npm:6.0.0"
  peerDependencies:
    jss: ^9.0.0
  checksum: 2/11e5e02c47fd07d759ce7585f84753db96d8455ab1a8ffa0c0842ff975f99191f8729b465025b5e084643063292c1b0151390bd0e06ff16578992f151a36025f
  languageName: node
  linkType: hard

"jss-vendor-prefixer@npm:^7.0.0":
  version: 7.0.0
  resolution: "jss-vendor-prefixer@npm:7.0.0"
  dependencies:
    css-vendor: ^0.3.8
  peerDependencies:
    jss: ^9.0.0
  checksum: 2/b0a9b6cbd75197b4e11c21705762a6bfec88255f91d072b8ebc7fe8f2c31f801462b48584124edb008676c916cd3c19b49b4d94ce0f2f85ca99f3d68a30fe39c
  languageName: node
  linkType: hard

"jss@npm:^9.8.7":
  version: 9.8.7
  resolution: "jss@npm:9.8.7"
  dependencies:
    is-in-browser: ^1.1.3
    symbol-observable: ^1.1.0
    warning: ^3.0.0
  checksum: 2/54c4ea7748e6d26c04f1126349030595cd8e6eef407d8e170f59bf9d580fe7c0a8fdff50390ddba4c67afb209331b86b0f8a0f050b625e6bf880bb6052e6662d
  languageName: node
  linkType: hard

"loose-envify@npm:^1.0.0, loose-envify@npm:^1.1.0, loose-envify@npm:^1.4.0":
  version: 1.4.0
  resolution: "loose-envify@npm:1.4.0"
  dependencies:
    js-tokens: ^3.0.0 || ^4.0.0
  bin:
    loose-envify: cli.js
  checksum: 2/5c3b47bbe5f597a3889fb001a3a98aaea2a3fafa48089c19034de1e0121bf57dbee609d184478514d74d5c5a7e9cfa3d846343455e5123b060040d46c39e91dc
  languageName: node
  linkType: hard

"node-fetch@npm:^1.0.1":
  version: 1.7.3
  resolution: "node-fetch@npm:1.7.3"
  dependencies:
    encoding: ^0.1.11
    is-stream: ^1.0.1
  checksum: 2/d04afb2e328ffb974a5ac4800fe5714d7419243d72f089a6a2383d3b93368c61ae88954a4866c476c0d7f95d7af414c1b9a885e051971061efe4054d526e23ed
  languageName: node
  linkType: hard

"normalize-scroll-left@npm:^0.1.2":
  version: 0.1.2
  resolution: "normalize-scroll-left@npm:0.1.2"
  checksum: 2/5ec695a675904194b3669118448537752e172e1aa4bf451771b5d95c149848529dad59a49d0904fabb3aa23799cf256ef79dfe7f7c4f2d4e37adee2ead920289
  languageName: node
  linkType: hard

"object-assign@npm:^4.1.0, object-assign@npm:^4.1.1":
  version: 4.1.1
  resolution: "object-assign@npm:4.1.1"
  checksum: 2/66cf021898fc1b13ea573ea8635fbd5a76533f50cecbc2fcd5eee1e8029af41bcebe7023788b6d0e06cbe4401ecea075d972f78ec74467cdc571a0f1a4d1a081
  languageName: node
  linkType: hard

"popper.js@npm:^1.14.1":
  version: 1.16.1
  resolution: "popper.js@npm:1.16.1"
  checksum: 2/eb53806fb7680e31c7d1db096f95438a40a7cb869f7ee0e27100c0860f11583a0d322606c6073618e7fe8865f834ec36482901b547256d9a0cf2b22434bca75d
  languageName: node
  linkType: hard

"promise@npm:^7.1.1":
  version: 7.3.1
  resolution: "promise@npm:7.3.1"
  dependencies:
    asap: ~2.0.3
  checksum: 2/23267a4b078fcb02c57b06ca1a1d5739109deb0932c0fd79615a2c5636dd0571ac6a161f19c4ea9683a4ab89791da13112678fa410b65334de490e97c33410ae
  languageName: node
  linkType: hard

"prop-types@npm:^15.6.0, prop-types@npm:^15.6.2":
  version: 15.7.2
  resolution: "prop-types@npm:15.7.2"
  dependencies:
    loose-envify: ^1.4.0
    object-assign: ^4.1.1
    react-is: ^16.8.1
  checksum: 2/a440dd406c5cf53bf39f3e898d2c65178511d34ca3c8c789b30c177992408b9e4273969726b274719aa69ccce5ab34b2fd8caa60b90f23cd2e910cdcf682de52
  languageName: node
  linkType: hard

"react-dom@npm:16.13.1":
  version: 16.13.1
  resolution: "react-dom@npm:16.13.1"
  dependencies:
    loose-envify: ^1.1.0
    object-assign: ^4.1.1
    prop-types: ^15.6.2
    scheduler: ^0.19.1
  peerDependencies:
    react: ^16.13.1
  checksum: 2/fb5c3ad41360c6a8674f33916aa895d05e79d063d31a6963074220c1cda9e07e880799d01670b4ebd570b4d3457584f13cc898b5033a05641e8e801f5611607e
  languageName: node
  linkType: hard

"react-event-listener@npm:^0.6.2":
  version: 0.6.6
  resolution: "react-event-listener@npm:0.6.6"
  dependencies:
    "@babel/runtime": ^7.2.0
    prop-types: ^15.6.0
    warning: ^4.0.1
  peerDependencies:
    react: ^16.3.0
  checksum: 2/46f9cef6aae3943adf3069c17e45342adb986fffa3d4cc3f71f35741fd5cd923cb8a21b1d0240263ddf2831cc255c9ad97c8ae0f558cf114dd8498f758bc97fd
  languageName: node
  linkType: hard

"react-is@npm:^16.6.3, react-is@npm:^16.7.0, react-is@npm:^16.8.1":
  version: 16.13.1
  resolution: "react-is@npm:16.13.1"
  checksum: 2/11bcf1267a314a522615f626f3ce3727a3a24cdbf61c4d452add3550a7875326669631326cfb1ba3e92b6f72244c32ffecf93ad21c0cad8455d3e169d0e3f060
  languageName: node
  linkType: hard

"react-lifecycles-compat@npm:^3.0.2, react-lifecycles-compat@npm:^3.0.4":
  version: 3.0.4
  resolution: "react-lifecycles-compat@npm:3.0.4"
  checksum: 2/82176a55ef7526414d770d5e07dc1d28b4c7f20281f22c6f53f3a98df9dbbb5d70c94bebee57b4ea8ccc2eee430b907ca7b564a42fbdd0ed21e7c43bfee35404
  languageName: node
  linkType: hard

"react-transition-group@npm:^2.2.1":
  version: 2.9.0
  resolution: "react-transition-group@npm:2.9.0"
  dependencies:
    dom-helpers: ^3.4.0
    loose-envify: ^1.4.0
    prop-types: ^15.6.2
    react-lifecycles-compat: ^3.0.4
  peerDependencies:
    react: ">=15.0.0"
    react-dom: ">=15.0.0"
  checksum: 2/eefed08c48a0d377b5fac3ac7fac54ed986d5dcdd4494f36075954c9d2d257072a9d18cc02c6d8e6698034722b1ff9419ad0c24ef068dea742edcff9f8ea4ba9
  languageName: node
  linkType: hard

"react@npm:16.13.1":
  version: 16.13.1
  resolution: "react@npm:16.13.1"
  dependencies:
    loose-envify: ^1.1.0
    object-assign: ^4.1.1
    prop-types: ^15.6.2
  checksum: 2/13dcc9ba8a7521ecc3d7e69998dbc5703ae9515308d06a94a474ad34b42f1fc109372265e924a8c9b11d20fa1828407c290b8f61617c36734c4ca907ae7e5f45
  languageName: node
  linkType: hard

"recompose@npm:0.28.0 - 0.30.0":
  version: 0.30.0
  resolution: "recompose@npm:0.30.0"
  dependencies:
    "@babel/runtime": ^7.0.0
    change-emitter: ^0.1.2
    fbjs: ^0.8.1
    hoist-non-react-statics: ^2.3.1
    react-lifecycles-compat: ^3.0.2
    symbol-observable: ^1.0.4
  peerDependencies:
    react: ^0.14.0 || ^15.0.0 || ^16.0.0
  checksum: 2/078db220865c82b323ecc181a678aeb19607ab4175a7888d687978952e1bc7a6de03139837fa5872232567a581ba0877acd2ef1a9cb882de3f256d51e712d05b
  languageName: node
  linkType: hard

"regenerator-runtime@npm:^0.13.4":
  version: 0.13.5
  resolution: "regenerator-runtime@npm:0.13.5"
  checksum: 2/8d8ee0eca26e0491085033caf2b1b95379c4db21e38d79cde52bbd4014a3865eee26ec0f4f958682e8600f185f2f5dbcd8c6685b9b9261639767929c19b5bcd2
  languageName: node
  linkType: hard

"root-workspace-0b6124@workspace:.":
  version: 0.0.0-use.local
  resolution: "root-workspace-0b6124@workspace:."
  dependencies:
    "@material-ui/core": 3.9.3
    "@material-ui/icons": 3.0.2
    react: 16.13.1
    react-dom: 16.13.1
  languageName: unknown
  linkType: soft

"safer-buffer@npm:>= 2.1.2 < 3":
  version: 2.1.2
  resolution: "safer-buffer@npm:2.1.2"
  checksum: 2/549ba83f5b314b59898efe3422120ce1ca7987a6eae5925a5fa5db930dc414d4a9dde0a5594f89638cd6ea60b6840ea961872908933ac2428d1726489db46fa5
  languageName: node
  linkType: hard

"scheduler@npm:^0.19.1":
  version: 0.19.1
  resolution: "scheduler@npm:0.19.1"
  dependencies:
    loose-envify: ^1.1.0
    object-assign: ^4.1.1
  checksum: 2/804f990b9f370cca6d42b65f3cba2cc2bfed4973ee5623bed1ea36a6627842db8c891e2e5ac003f06f9ee892d1d3396921e27fa077346caf0213af05776e8dee
  languageName: node
  linkType: hard

"setimmediate@npm:^1.0.5":
  version: 1.0.5
  resolution: "setimmediate@npm:1.0.5"
  checksum: 2/87884d8add4779fe47ccf763396a5bf875640ae34d80a10802da4de5c25d87647c12f6e7748fd5b8c143b57201caf2a5a781631456c228825f166ca305c12f20
  languageName: node
  linkType: hard

"symbol-observable@npm:1.2.0, symbol-observable@npm:^1.0.4, symbol-observable@npm:^1.1.0":
  version: 1.2.0
  resolution: "symbol-observable@npm:1.2.0"
  checksum: 2/268834a1d4cba19d40f367e5c2755f612969c8418e43a3be17408e392802a667f8bb542893440d58a080a8ea8da05ea98e27e472b9f4ff6fbda78a21a1a41c53
  languageName: node
  linkType: hard

"ua-parser-js@npm:^0.7.18":
  version: 0.7.21
  resolution: "ua-parser-js@npm:0.7.21"
  checksum: 2/5bd2d949e2f0befebf1e7fabde12978ea619e604e1d43a4f165c51543caf9cea5f40512734f224435e248101beffcba1153d38cfb9dc88152f13bf79e9a106ee
  languageName: node
  linkType: hard

"warning@npm:^3.0.0":
  version: 3.0.0
  resolution: "warning@npm:3.0.0"
  dependencies:
    loose-envify: ^1.0.0
  checksum: 2/91371f1e41c301c595b25b3f8df1826925d679b74c34b97284ec01937ee5e96aeaf65e7b78a7e9cbb34526597bf806edc9bf9d8d41314bae59b91526ff6712fa
  languageName: node
  linkType: hard

"warning@npm:^4.0.1":
  version: 4.0.3
  resolution: "warning@npm:4.0.3"
  dependencies:
    loose-envify: ^1.0.0
  checksum: 2/20ef5d29ff9c20af3060e504914a00d5a90ce346e75e6691efbedb540481cdc82070c966d75195f812de64bb0bd7f1b02315fcb52469db151c0f15e29002781c
  languageName: node
  linkType: hard

"whatwg-fetch@npm:>=0.10.0":
  version: 3.0.0
  resolution: "whatwg-fetch@npm:3.0.0"
  checksum: 2/56ffff2db0908b2180830c1c543b16b3cb93f07c771f15af9ce1a31f426c4b843e0a22cb0afd9de585d7583c07f4b84cb5dbf42fe22bcf6ad34f96103b456aaf
  languageName: node
  linkType: hard
